
Microsoft Visual Studio Solution File, Format Version 10.00
# Visual Studio 2008
Project("{8BC9CEB8-8B4A-11D0-8D11-00A0C91BC942}") = "ImageScalar_SEQUENTIAL", "ImageScalar_SEQUENTIAL\ImageScalar_SEQUENTIAL.vcproj", "{DACEE6AF-DBE5-44DF-AF6B-956300DA6C07}"
EndProject
Global
	GlobalSection(SolutionConfigurationPlatforms) = preSolution
		Debug|Win32 = Debug|Win32
		Release|Win32 = Release|Win32
	EndGlobalSection
	GlobalSection(ProjectConfigurationPlatforms) = postSolution
		{DACEE6AF-DBE5-44DF-AF6B-956300DA6C07}.Debug|Win32.ActiveCfg = Debug|Win32
		{DACEE6AF-DBE5-44DF-AF6B-956300DA6C07}.Debug|Win32.Build.0 = Debug|Win32
		{DACEE6AF-DBE5-44DF-AF6B-956300DA6C07}.Release|Win32.ActiveCfg = Release|Win32
		{DACEE6AF-DBE5-44DF-AF6B-956300DA6C07}.Release|Win32.Build.0 = Release|Win32
	EndGlobalSection
	GlobalSection(SolutionProperties) = preSolution
		HideSolutionNode = FALSE
	EndGlobalSection
EndGlobal
