
Microsoft Visual Studio Solution File, Format Version 10.00
# Visual Studio 2008
Project("{8BC9CEB8-8B4A-11D0-8D11-00A0C91BC942}") = "WinThreadAPITest", "WinThreadAPITest\WinThreadAPITest.vcproj", "{9CE2C5E6-BF92-4B9B-98C5-A5DC22B8FA83}"
EndProject
Global
	GlobalSection(SolutionConfigurationPlatforms) = preSolution
		Debug|Win32 = Debug|Win32
		Release|Win32 = Release|Win32
	EndGlobalSection
	GlobalSection(ProjectConfigurationPlatforms) = postSolution
		{9CE2C5E6-BF92-4B9B-98C5-A5DC22B8FA83}.Debug|Win32.ActiveCfg = Release|Win32
		{9CE2C5E6-BF92-4B9B-98C5-A5DC22B8FA83}.Debug|Win32.Build.0 = Release|Win32
		{9CE2C5E6-BF92-4B9B-98C5-A5DC22B8FA83}.Release|Win32.ActiveCfg = Release|Win32
		{9CE2C5E6-BF92-4B9B-98C5-A5DC22B8FA83}.Release|Win32.Build.0 = Release|Win32
	EndGlobalSection
	GlobalSection(SolutionProperties) = preSolution
		HideSolutionNode = FALSE
	EndGlobalSection
EndGlobal
