
Microsoft Visual Studio Solution File, Format Version 10.00
# Visual C++ Express 2008
Project("{8BC9CEB8-8B4A-11D0-8D11-00A0C91BC942}") = "prog01", "prog01.vcproj", "{7E41139E-48F4-4D8D-B5B1-F110582E0C60}"
EndProject
Global
	GlobalSection(SolutionConfigurationPlatforms) = preSolution
		Debug|Win32 = Debug|Win32
		Release|Win32 = Release|Win32
	EndGlobalSection
	GlobalSection(ProjectConfigurationPlatforms) = postSolution
		{7E41139E-48F4-4D8D-B5B1-F110582E0C60}.Debug|Win32.ActiveCfg = Debug|Win32
		{7E41139E-48F4-4D8D-B5B1-F110582E0C60}.Debug|Win32.Build.0 = Debug|Win32
		{7E41139E-48F4-4D8D-B5B1-F110582E0C60}.Release|Win32.ActiveCfg = Release|Win32
		{7E41139E-48F4-4D8D-B5B1-F110582E0C60}.Release|Win32.Build.0 = Release|Win32
	EndGlobalSection
	GlobalSection(SolutionProperties) = preSolution
		HideSolutionNode = FALSE
	EndGlobalSection
EndGlobal
